
Microsoft Visual Studio Solution File, Format Version 12.00
# Visual Studio 14
VisualStudioVersion = 14.0.23107.0
MinimumVisualStudioVersion = 10.0.40219.1
Project("{FAE04EC0-301F-11D3-BF4B-00C04F79EFBC}") = "CursosAlumnos", "CursosAlumnos\CursosAlumnos.csproj", "{98513A25-0BEB-4693-B0F5-5E2A375D808E}"
EndProject
Global
	GlobalSection(SolutionConfigurationPlatforms) = preSolution
		Debug|Any CPU = Debug|Any CPU
		Release|Any CPU = Release|Any CPU
	EndGlobalSection
	GlobalSection(ProjectConfigurationPlatforms) = postSolution
		{98513A25-0BEB-4693-B0F5-5E2A375D808E}.Debug|Any CPU.ActiveCfg = Debug|Any CPU
		{98513A25-0BEB-4693-B0F5-5E2A375D808E}.Debug|Any CPU.Build.0 = Debug|Any CPU
		{98513A25-0BEB-4693-B0F5-5E2A375D808E}.Release|Any CPU.ActiveCfg = Release|Any CPU
		{98513A25-0BEB-4693-B0F5-5E2A375D808E}.Release|Any CPU.Build.0 = Release|Any CPU
	EndGlobalSection
	GlobalSection(SolutionProperties) = preSolution
		HideSolutionNode = FALSE
	EndGlobalSection
EndGlobal
